
Microsoft Visual Studio Solution File, Format Version 12.00
# Visual Studio 16
Project("{FAE04EC0-301F-11D3-BF4B-00C04F79EFBC}") = "Assembly-CSharp", "Assembly-CSharp.csproj", "{AFBED23F-80CD-5F7F-0E5F-A2AFFCC6A63D}"
EndProject
Project("{FAE04EC0-301F-11D3-BF4B-00C04F79EFBC}") = "UnityGameFramework.Runtime", "UnityGameFramework.Runtime.csproj", "{F38CC243-B91A-156C-EB79-96954B9F6FEA}"
EndProject
Project("{FAE04EC0-301F-11D3-BF4B-00C04F79EFBC}") = "UnityGameFramework.Editor", "UnityGameFramework.Editor.csproj", "{ACF3DA97-8F1E-0B22-8AB4-6F7F12E49231}"
EndProject
Project("{FAE04EC0-301F-11D3-BF4B-00C04F79EFBC}") = "Assembly-CSharp-Editor", "Assembly-CSharp-Editor.csproj", "{50467BFD-A60C-9DC7-55EA-EB059742CCA6}"
EndProject
Global
	GlobalSection(SolutionConfigurationPlatforms) = preSolution
		Debug|Any CPU = Debug|Any CPU
		Release|Any CPU = Release|Any CPU
	EndGlobalSection
	GlobalSection(ProjectConfigurationPlatforms) = postSolution
		{AFBED23F-80CD-5F7F-0E5F-A2AFFCC6A63D}.Debug|Any CPU.ActiveCfg = Debug|Any CPU
		{AFBED23F-80CD-5F7F-0E5F-A2AFFCC6A63D}.Debug|Any CPU.Build.0 = Debug|Any CPU
		{AFBED23F-80CD-5F7F-0E5F-A2AFFCC6A63D}.Release|Any CPU.ActiveCfg = Release|Any CPU
		{AFBED23F-80CD-5F7F-0E5F-A2AFFCC6A63D}.Release|Any CPU.Build.0 = Release|Any CPU
		{F38CC243-B91A-156C-EB79-96954B9F6FEA}.Debug|Any CPU.ActiveCfg = Debug|Any CPU
		{F38CC243-B91A-156C-EB79-96954B9F6FEA}.Debug|Any CPU.Build.0 = Debug|Any CPU
		{F38CC243-B91A-156C-EB79-96954B9F6FEA}.Release|Any CPU.ActiveCfg = Release|Any CPU
		{F38CC243-B91A-156C-EB79-96954B9F6FEA}.Release|Any CPU.Build.0 = Release|Any CPU
		{ACF3DA97-8F1E-0B22-8AB4-6F7F12E49231}.Debug|Any CPU.ActiveCfg = Debug|Any CPU
		{ACF3DA97-8F1E-0B22-8AB4-6F7F12E49231}.Debug|Any CPU.Build.0 = Debug|Any CPU
		{ACF3DA97-8F1E-0B22-8AB4-6F7F12E49231}.Release|Any CPU.ActiveCfg = Release|Any CPU
		{ACF3DA97-8F1E-0B22-8AB4-6F7F12E49231}.Release|Any CPU.Build.0 = Release|Any CPU
		{50467BFD-A60C-9DC7-55EA-EB059742CCA6}.Debug|Any CPU.ActiveCfg = Debug|Any CPU
		{50467BFD-A60C-9DC7-55EA-EB059742CCA6}.Debug|Any CPU.Build.0 = Debug|Any CPU
		{50467BFD-A60C-9DC7-55EA-EB059742CCA6}.Release|Any CPU.ActiveCfg = Release|Any CPU
		{50467BFD-A60C-9DC7-55EA-EB059742CCA6}.Release|Any CPU.Build.0 = Release|Any CPU
	EndGlobalSection
	GlobalSection(SolutionProperties) = preSolution
		HideSolutionNode = FALSE
	EndGlobalSection
EndGlobal
